// !$*UTF8*$!
{
	archiveVersion = 1;
	classes = {
	};
	objectVersion = 55;
	objects = {

/* Begin PBXBuildFile section */
		EE4113A728E504C300F68FCF /* AppDelegate.swift in Sources */ = {isa = PBXBuildFile; fileRef = EE4113A628E504C300F68FCF /* AppDelegate.swift */; };
		EE4113A928E504C300F68FCF /* SceneDelegate.swift in Sources */ = {isa = PBXBuildFile; fileRef = EE4113A828E504C300F68FCF /* SceneDelegate.swift */; };
		EE4113AB28E504C300F68FCF /* ViewController.swift in Sources */ = {isa = PBXBuildFile; fileRef = EE4113AA28E504C300F68FCF /* ViewController.swift */; };
		EE4113AE28E504C300F68FCF /* Main.storyboard in Resources */ = {isa = PBXBuildFile; fileRef = EE4113AC28E504C300F68FCF /* Main.storyboard */; };
		EE4113B028E504C500F68FCF /* Assets.xcassets in Resources */ = {isa = PBXBuildFile; fileRef = EE4113AF28E504C500F68FCF /* Assets.xcassets */; };
		EE4113B328E504C500F68FCF /* LaunchScreen.storyboard in Resources */ = {isa = PBXBuildFile; fileRef = EE4113B128E504C500F68FCF /* LaunchScreen.storyboard */; };
		EE4113BE28E504C500F68FCF /* CalculatorTests.swift in Sources */ = {isa = PBXBuildFile; fileRef = EE4113BD28E504C500F68FCF /* CalculatorTests.swift */; };
		EE4113C828E504C500F68FCF /* CalculatorUITests.swift in Sources */ = {isa = PBXBuildFile; fileRef = EE4113C728E504C500F68FCF /* CalculatorUITests.swift */; };
		EE4113CA28E504C500F68FCF /* CalculatorUITestsLaunchTests.swift in Sources */ = {isa = PBXBuildFile; fileRef = EE4113C928E504C500F68FCF /* CalculatorUITestsLaunchTests.swift */; };
		EE680A1928EAEC0700BC8ACF /* RoundButton.swift in Sources */ = {isa = PBXBuildFile; fileRef = EE680A1828EAEC0700BC8ACF /* RoundButton.swift */; };
/* End PBXBuildFile section */

/* Begin PBXContainerItemProxy section */
		EE4113BA28E504C500F68FCF /* PBXContainerItemProxy */ = {
			isa = PBXContainerItemProxy;
			containerPortal = EE41139B28E504C300F68FCF /* Project object */;
			proxyType = 1;
			remoteGlobalIDString = EE4113A228E504C300F68FCF;
			remoteInfo = Calculator;
		};
		EE4113C428E504C500F68FCF /* PBXContainerItemProxy */ = {
			isa = PBXContainerItemProxy;
			containerPortal = EE41139B28E504C300F68FCF /* Project object */;
			proxyType = 1;
			remoteGlobalIDString = EE4113A228E504C300F68FCF;
			remoteInfo = Calculator;
		};
/* End PBXContainerItemProxy section */

/* Begin PBXFileReference section */
		EE4113A328E504C300F68FCF /* Calculator.app */ = {isa = PBXFileReference; explicitFileType = wrapper.application; includeInIndex = 0; path = Calculator.app; sourceTree = BUILT_PRODUCTS_DIR; };
		EE4113A628E504C300F68FCF /* AppDelegate.swift */ = {isa = PBXFileReference; lastKnownFileType = sourcecode.swift; path = AppDelegate.swift; sourceTree = "<group>"; };
		EE4113A828E504C300F68FCF /* SceneDelegate.swift */ = {isa = PBXFileReference; lastKnownFileType = sourcecode.swift; path = SceneDelegate.swift; sourceTree = "<group>"; };
		EE4113AA28E504C300F68FCF /* ViewController.swift */ = {isa = PBXFileReference; lastKnownFileType = sourcecode.swift; path = ViewController.swift; sourceTree = "<group>"; };
		EE4113AD28E504C300F68FCF /* Base */ = {isa = PBXFileReference; lastKnownFileType = file.storyboard; name = Base; path = Base.lproj/Main.storyboard; sourceTree = "<group>"; };
		EE4113AF28E504C500F68FCF /* Assets.xcassets */ = {isa = PBXFileReference; lastKnownFileType = folder.assetcatalog; path = Assets.xcassets; sourceTree = "<group>"; };
		EE4113B228E504C500F68FCF /* Base */ = {isa = PBXFileReference; lastKnownFileType = file.storyboard; name = Base; path = Base.lproj/LaunchScreen.storyboard; sourceTree = "<group>"; };
		EE4113B428E504C500F68FCF /* Info.plist */ = {isa = PBXFileReference; lastKnownFileType = text.plist.xml; path = Info.plist; sourceTree = "<group>"; };
		EE4113B928E504C500F68FCF /* CalculatorTests.xctest */ = {isa = PBXFileReference; explicitFileType = wrapper.cfbundle; includeInIndex = 0; path = CalculatorTests.xctest; sourceTree = BUILT_PRODUCTS_DIR; };
		EE4113BD28E504C500F68FCF /* CalculatorTests.swift */ = {isa = PBXFileReference; lastKnownFileType = sourcecode.swift; path = CalculatorTests.swift; sourceTree = "<group>"; };
		EE4113C328E504C500F68FCF /* CalculatorUITests.xctest */ = {isa = PBXFileReference; explicitFileType = wrapper.cfbundle; includeInIndex = 0; path = CalculatorUITests.xctest; sourceTree = BUILT_PRODUCTS_DIR; };
		EE4113C728E504C500F68FCF /* CalculatorUITests.swift */ = {isa = PBXFileReference; lastKnownFileType = sourcecode.swift; path = CalculatorUITests.swift; sourceTree = "<group>"; };
		EE4113C928E504C500F68FCF /* CalculatorUITestsLaunchTests.swift */ = {isa = PBXFileReference; lastKnownFileType = sourcecode.swift; path = CalculatorUITestsLaunchTests.swift; sourceTree = "<group>"; };
		EE680A1828EAEC0700BC8ACF /* RoundButton.swift */ = {isa = PBXFileReference; lastKnownFileType = sourcecode.swift; path = RoundButton.swift; sourceTree = "<group>"; };
/* End PBXFileReference section */

/* Begin PBXFrameworksBuildPhase section */
		EE4113A028E504C300F68FCF /* Frameworks */ = {
			isa = PBXFrameworksBuildPhase;
			buildActionMask = 2147483647;
			files = (
			);
			runOnlyForDeploymentPostprocessing = 0;
		};
		EE4113B628E504C500F68FCF /* Frameworks */ = {
			isa = PBXFrameworksBuildPhase;
			buildActionMask = 2147483647;
			files = (
			);
			runOnlyForDeploymentPostprocessing = 0;
		};
		EE4113C028E504C500F68FCF /* Frameworks */ = {
			isa = PBXFrameworksBuildPhase;
			buildActionMask = 2147483647;
			files = (
			);
			runOnlyForDeploymentPostprocessing = 0;
		};
/* End PBXFrameworksBuildPhase section */

/* Begin PBXGroup section */
		EE41139A28E504C300F68FCF = {
			isa = PBXGroup;
			children = (
				EE4113A528E504C300F68FCF /* Calculator */,
				EE4113BC28E504C500F68FCF /* CalculatorTests */,
				EE4113C628E504C500F68FCF /* CalculatorUITests */,
				EE4113A428E504C300F68FCF /* Products */,
			);
			sourceTree = "<group>";
		};
		EE4113A428E504C300F68FCF /* Products */ = {
			isa = PBXGroup;
			children = (
				EE4113A328E504C300F68FCF /* Calculator.app */,
				EE4113B928E504C500F68FCF /* CalculatorTests.xctest */,
				EE4113C328E504C500F68FCF /* CalculatorUITests.xctest */,
			);
			name = Products;
			sourceTree = "<group>";
		};
		EE4113A528E504C300F68FCF /* Calculator */ = {
			isa = PBXGroup;
			children = (
				EE4113A628E504C300F68FCF /* AppDelegate.swift */,
				EE4113A828E504C300F68FCF /* SceneDelegate.swift */,
				EE4113AA28E504C300F68FCF /* ViewController.swift */,
				EE4113AC28E504C300F68FCF /* Main.storyboard */,
				EE4113AF28E504C500F68FCF /* Assets.xcassets */,
				EE4113B128E504C500F68FCF /* LaunchScreen.storyboard */,
				EE4113B428E504C500F68FCF /* Info.plist */,
				EE680A1828EAEC0700BC8ACF /* RoundButton.swift */,
			);
			path = Calculator;
			sourceTree = "<group>";
		};
		EE4113BC28E504C500F68FCF /* CalculatorTests */ = {
			isa = PBXGroup;
			children = (
				EE4113BD28E504C500F68FCF /* CalculatorTests.swift */,
			);
			path = CalculatorTests;
			sourceTree = "<group>";
		};
		EE4113C628E504C500F68FCF /* CalculatorUITests */ = {
			isa = PBXGroup;
			children = (
				EE4113C728E504C500F68FCF /* CalculatorUITests.swift */,
				EE4113C928E504C500F68FCF /* CalculatorUITestsLaunchTests.swift */,
			);
			path = CalculatorUITests;
			sourceTree = "<group>";
		};
/* End PBXGroup section */

/* Begin PBXNativeTarget section */
		EE4113A228E504C300F68FCF /* Calculator */ = {
			isa = PBXNativeTarget;
			buildConfigurationList = EE4113CD28E504C500F68FCF /* Build configuration list for PBXNativeTarget "Calculator" */;
			buildPhases = (
				EE41139F28E504C300F68FCF /* Sources */,
				EE4113A028E504C300F68FCF /* Frameworks */,
				EE4113A128E504C300F68FCF /* Resources */,
			);
			buildRules = (
			);
			dependencies = (
			);
			name = Calculator;
			productName = Calculator;
			productReference = EE4113A328E504C300F68FCF /* Calculator.app */;
			productType = "com.apple.product-type.application";
		};
		EE4113B828E504C500F68FCF /* CalculatorTests */ = {
			isa = PBXNativeTarget;
			buildConfigurationList = EE4113D028E504C500F68FCF /* Build configuration list for PBXNativeTarget "CalculatorTests" */;
			buildPhases = (
				EE4113B528E504C500F68FCF /* Sources */,
				EE4113B628E504C500F68FCF /* Frameworks */,
				EE4113B728E504C500F68FCF /* Resources */,
			);
			buildRules = (
			);
			dependencies = (
				EE4113BB28E504C500F68FCF /* PBXTargetDependency */,
			);
			name = CalculatorTests;
			productName = CalculatorTests;
			productReference = EE4113B928E504C500F68FCF /* CalculatorTests.xctest */;
			productType = "com.apple.product-type.bundle.unit-test";
		};
		EE4113C228E504C500F68FCF /* CalculatorUITests */ = {
			isa = PBXNativeTarget;
			buildConfigurationList = EE4113D328E504C500F68FCF /* Build configuration list for PBXNativeTarget "CalculatorUITests" */;
			buildPhases = (
				EE4113BF28E504C500F68FCF /* Sources */,
				EE4113C028E504C500F68FCF /* Frameworks */,
				EE4113C128E504C500F68FCF /* Resources */,
			);
			buildRules = (
			);
			dependencies = (
				EE4113C528E504C500F68FCF /* PBXTargetDependency */,
			);
			name = CalculatorUITests;
			productName = CalculatorUITests;
			productReference = EE4113C328E504C500F68FCF /* CalculatorUITests.xctest */;
			productType = "com.apple.product-type.bundle.ui-testing";
		};
/* End PBXNativeTarget section */

/* Begin PBXProject section */
		EE41139B28E504C300F68FCF /* Project object */ = {
			isa = PBXProject;
			attributes = {
				BuildIndependentTargetsInParallel = 1;
				LastSwiftUpdateCheck = 1330;
				LastUpgradeCheck = 1330;
				TargetAttributes = {
					EE4113A228E504C300F68FCF = {
						CreatedOnToolsVersion = 13.3.1;
					};
					EE4113B828E504C500F68FCF = {
						CreatedOnToolsVersion = 13.3.1;
						TestTargetID = EE4113A228E504C300F68FCF;
					};
					EE4113C228E504C500F68FCF = {
						CreatedOnToolsVersion = 13.3.1;
						TestTargetID = EE4113A228E504C300F68FCF;
					};
				};
			};
			buildConfigurationList = EE41139E28E504C300F68FCF /* Build configuration list for PBXProject "Calculator" */;
			compatibilityVersion = "Xcode 13.0";
			developmentRegion = en;
			hasScannedForEncodings = 0;
			knownRegions = (
				en,
				Base,
			);
			mainGroup = EE41139A28E504C300F68FCF;
			productRefGroup = EE4113A428E504C300F68FCF /* Products */;
			projectDirPath = "";
			projectRoot = "";
			targets = (
				EE4113A228E504C300F68FCF /* Calculator */,
				EE4113B828E504C500F68FCF /* CalculatorTests */,
				EE4113C228E504C500F68FCF /* CalculatorUITests */,
			);
		};
/* End PBXProject section */

/* Begin PBXResourcesBuildPhase section */
		EE4113A128E504C300F68FCF /* Resources */ = {
			isa = PBXResourcesBuildPhase;
			buildActionMask = 2147483647;
			files = (
				EE4113B328E504C500F68FCF /* LaunchScreen.storyboard in Resources */,
				EE4113B028E504C500F68FCF /* Assets.xcassets in Resources */,
				EE4113AE28E504C300F68FCF /* Main.storyboard in Resources */,
			);
			runOnlyForDeploymentPostprocessing = 0;
		};
		EE4113B728E504C500F68FCF /* Resources */ = {
			isa = PBXResourcesBuildPhase;
			buildActionMask = 2147483647;
			files = (
			);
			runOnlyForDeploymentPostprocessing = 0;
		};
		EE4113C128E504C500F68FCF /* Resources */ = {
			isa = PBXResourcesBuildPhase;
			buildActionMask = 2147483647;
			files = (
			);
			runOnlyForDeploymentPostprocessing = 0;
		};
/* End PBXResourcesBuildPhase section */

/* Begin PBXSourcesBuildPhase section */
		EE41139F28E504C300F68FCF /* Sources */ = {
			isa = PBXSourcesBuildPhase;
			buildActionMask = 2147483647;
			files = (
				EE680A1928EAEC0700BC8ACF /* RoundButton.swift in Sources */,
				EE4113AB28E504C300F68FCF /* ViewController.swift in Sources */,
				EE4113A728E504C300F68FCF /* AppDelegate.swift in Sources */,
				EE4113A928E504C300F68FCF /* SceneDelegate.swift in Sources */,
			);
			runOnlyForDeploymentPostprocessing = 0;
		};
		EE4113B528E504C500F68FCF /* Sources */ = {
			isa = PBXSourcesBuildPhase;
			buildActionMask = 2147483647;
			files = (
				EE4113BE28E504C500F68FCF /* CalculatorTests.swift in Sources */,
			);
			runOnlyForDeploymentPostprocessing = 0;
		};
		EE4113BF28E504C500F68FCF /* Sources */ = {
			isa = PBXSourcesBuildPhase;
			buildActionMask = 2147483647;
			files = (
				EE4113CA28E504C500F68FCF /* CalculatorUITestsLaunchTests.swift in Sources */,
				EE4113C828E504C500F68FCF /* CalculatorUITests.swift in Sources */,
			);
			runOnlyForDeploymentPostprocessing = 0;
		};
/* End PBXSourcesBuildPhase section */

/* Begin PBXTargetDependency section */
		EE4113BB28E504C500F68FCF /* PBXTargetDependency */ = {
			isa = PBXTargetDependency;
			target = EE4113A228E504C300F68FCF /* Calculator */;
			targetProxy = EE4113BA28E504C500F68FCF /* PBXContainerItemProxy */;
		};
		EE4113C528E504C500F68FCF /* PBXTargetDependency */ = {
			isa = PBXTargetDependency;
			target = EE4113A228E504C300F68FCF /* Calculator */;
			targetProxy = EE4113C428E504C500F68FCF /* PBXContainerItemProxy */;
		};
/* End PBXTargetDependency section */

/* Begin PBXVariantGroup section */
		EE4113AC28E504C300F68FCF /* Main.storyboard */ = {
			isa = PBXVariantGroup;
			children = (
				EE4113AD28E504C300F68FCF /* Base */,
			);
			name = Main.storyboard;
			sourceTree = "<group>";
		};
		EE4113B128E504C500F68FCF /* LaunchScreen.storyboard */ = {
			isa = PBXVariantGroup;
			children = (
				EE4113B228E504C500F68FCF /* Base */,
			);
			name = LaunchScreen.storyboard;
			sourceTree = "<group>";
		};
/* End PBXVariantGroup section */

/* Begin XCBuildConfiguration section */
		EE4113CB28E504C500F68FCF /* Debug */ = {
			isa = XCBuildConfiguration;
			buildSettings = {
				ALWAYS_SEARCH_USER_PATHS = NO;
				CLANG_ANALYZER_NONNULL = YES;
				CLANG_ANALYZER_NUMBER_OBJECT_CONVERSION = YES_AGGRESSIVE;
				CLANG_CXX_LANGUAGE_STANDARD = "gnu++17";
				CLANG_ENABLE_MODULES = YES;
				CLANG_ENABLE_OBJC_ARC = YES;
				CLANG_ENABLE_OBJC_WEAK = YES;
				CLANG_WARN_BLOCK_CAPTURE_AUTORELEASING = YES;
				CLANG_WARN_BOOL_CONVERSION = YES;
				CLANG_WARN_COMMA = YES;
				CLANG_WARN_CONSTANT_CONVERSION = YES;
				CLANG_WARN_DEPRECATED_OBJC_IMPLEMENTATIONS = YES;
				CLANG_WARN_DIRECT_OBJC_ISA_USAGE = YES_ERROR;
				CLANG_WARN_DOCUMENTATION_COMMENTS = YES;
				CLANG_WARN_EMPTY_BODY = YES;
				CLANG_WARN_ENUM_CONVERSION = YES;
				CLANG_WARN_INFINITE_RECURSION = YES;
				CLANG_WARN_INT_CONVERSION = YES;
				CLANG_WARN_NON_LITERAL_NULL_CONVERSION = YES;
				CLANG_WARN_OBJC_IMPLICIT_RETAIN_SELF = YES;
				CLANG_WARN_OBJC_LITERAL_CONVERSION = YES;
				CLANG_WARN_OBJC_ROOT_CLASS = YES_ERROR;
				CLANG_WARN_QUOTED_INCLUDE_IN_FRAMEWORK_HEADER = YES;
				CLANG_WARN_RANGE_LOOP_ANALYSIS = YES;
				CLANG_WARN_STRICT_PROTOTYPES = YES;
				CLANG_WARN_SUSPICIOUS_MOVE = YES;
				CLANG_WARN_UNGUARDED_AVAILABILITY = YES_AGGRESSIVE;
				CLANG_WARN_UNREACHABLE_CODE = YES;
				CLANG_WARN__DUPLICATE_METHOD_MATCH = YES;
				COPY_PHASE_STRIP = NO;
				DEBUG_INFORMATION_FORMAT = dwarf;
				ENABLE_STRICT_OBJC_MSGSEND = YES;
				ENABLE_TESTABILITY = YES;
				GCC_C_LANGUAGE_STANDARD = gnu11;
				GCC_DYNAMIC_NO_PIC = NO;
				GCC_NO_COMMON_BLOCKS = YES;
				GCC_OPTIMIZATION_LEVEL = 0;
				GCC_PREPROCESSOR_DEFINITIONS = (
					"DEBUG=1",
					"$(inherited)",
				);
				GCC_WARN_64_TO_32_BIT_CONVERSION = YES;
				GCC_WARN_ABOUT_RETURN_TYPE = YES_ERROR;
				GCC_WARN_UNDECLARED_SELECTOR = YES;
				GCC_WARN_UNINITIALIZED_AUTOS = YES_AGGRESSIVE;
				GCC_WARN_UNUSED_FUNCTION = YES;
				GCC_WARN_UNUSED_VARIABLE = YES;
				IPHONEOS_DEPLOYMENT_TARGET = 15.4;
				MTL_ENABLE_DEBUG_INFO = INCLUDE_SOURCE;
				MTL_FAST_MATH = YES;
				ONLY_ACTIVE_ARCH = YES;
				SDKROOT = iphoneos;
				SWIFT_ACTIVE_COMPILATION_CONDITIONS = DEBUG;
				SWIFT_OPTIMIZATION_LEVEL = "-Onone";
			};
			name = Debug;
		};
		EE4113CC28E504C500F68FCF /* Release */ = {
			isa = XCBuildConfiguration;
			buildSettings = {
				ALWAYS_SEARCH_USER_PATHS = NO;
				CLANG_ANALYZER_NONNULL = YES;
				CLANG_ANALYZER_NUMBER_OBJECT_CONVERSION = YES_AGGRESSIVE;
				CLANG_CXX_LANGUAGE_STANDARD = "gnu++17";
				CLANG_ENABLE_MODULES = YES;
				CLANG_ENABLE_OBJC_ARC = YES;
				CLANG_ENABLE_OBJC_WEAK = YES;
				CLANG_WARN_BLOCK_CAPTURE_AUTORELEASING = YES;
				CLANG_WARN_BOOL_CONVERSION = YES;
				CLANG_WARN_COMMA = YES;
				CLANG_WARN_CONSTANT_CONVERSION = YES;
				CLANG_WARN_DEPRECATED_OBJC_IMPLEMENTATIONS = YES;
				CLANG_WARN_DIRECT_OBJC_ISA_USAGE = YES_ERROR;
				CLANG_WARN_DOCUMENTATION_COMMENTS = YES;
				CLANG_WARN_EMPTY_BODY = YES;
				CLANG_WARN_ENUM_CONVERSION = YES;
				CLANG_WARN_INFINITE_RECURSION = YES;
				CLANG_WARN_INT_CONVERSION = YES;
				CLANG_WARN_NON_LITERAL_NULL_CONVERSION = YES;
				CLANG_WARN_OBJC_IMPLICIT_RETAIN_SELF = YES;
				CLANG_WARN_OBJC_LITERAL_CONVERSION = YES;
				CLANG_WARN_OBJC_ROOT_CLASS = YES_ERROR;
				CLANG_WARN_QUOTED_INCLUDE_IN_FRAMEWORK_HEADER = YES;
				CLANG_WARN_RANGE_LOOP_ANALYSIS = YES;
				CLANG_WARN_STRICT_PROTOTYPES = YES;
				CLANG_WARN_SUSPICIOUS_MOVE = YES;
				CLANG_WARN_UNGUARDED_AVAILABILITY = YES_AGGRESSIVE;
				CLANG_WARN_UNREACHABLE_CODE = YES;
				CLANG_WARN__DUPLICATE_METHOD_MATCH = YES;
				COPY_PHASE_STRIP = NO;
				DEBUG_INFORMATION_FORMAT = "dwarf-with-dsym";
				ENABLE_NS_ASSERTIONS = NO;
				ENABLE_STRICT_OBJC_MSGSEND = YES;
				GCC_C_LANGUAGE_STANDARD = gnu11;
				GCC_NO_COMMON_BLOCKS = YES;
				GCC_WARN_64_TO_32_BIT_CONVERSION = YES;
				GCC_WARN_ABOUT_RETURN_TYPE = YES_ERROR;
				GCC_WARN_UNDECLARED_SELECTOR = YES;
				GCC_WARN_UNINITIALIZED_AUTOS = YES_AGGRESSIVE;
				GCC_WARN_UNUSED_FUNCTION = YES;
				GCC_WARN_UNUSED_VARIABLE = YES;
				IPHONEOS_DEPLOYMENT_TARGET = 15.4;
				MTL_ENABLE_DEBUG_INFO = NO;
				MTL_FAST_MATH = YES;
				SDKROOT = iphoneos;
				SWIFT_COMPILATION_MODE = wholemodule;
				SWIFT_OPTIMIZATION_LEVEL = "-O";
				VALIDATE_PRODUCT = YES;
			};
			name = Release;
		};
		EE4113CE28E504C500F68FCF /* Debug */ = {
			isa = XCBuildConfiguration;
			buildSettings = {
				ASSETCATALOG_COMPILER_APPICON_NAME = AppIcon;
				ASSETCATALOG_COMPILER_GLOBAL_ACCENT_COLOR_NAME = AccentColor;
				CODE_SIGN_STYLE = Automatic;
				CURRENT_PROJECT_VERSION = 1;
				DEVELOPMENT_TEAM = Q4A6TH8JR3;
				GENERATE_INFOPLIST_FILE = YES;
				INFOPLIST_FILE = Calculator/Info.plist;
				INFOPLIST_KEY_UIApplicationSupportsIndirectInputEvents = YES;
				INFOPLIST_KEY_UILaunchStoryboardName = LaunchScreen;
				INFOPLIST_KEY_UIMainStoryboardFile = Main;
				INFOPLIST_KEY_UISupportedInterfaceOrientations_iPad = "UIInterfaceOrientationPortrait UIInterfaceOrientationPortraitUpsideDown UIInterfaceOrientationLandscapeLeft UIInterfaceOrientationLandscapeRight";
				INFOPLIST_KEY_UISupportedInterfaceOrientations_iPhone = "UIInterfaceOrientationPortrait UIInterfaceOrientationLandscapeLeft UIInterfaceOrientationLandscapeRight";
				LD_RUNPATH_SEARCH_PATHS = (
					"$(inherited)",
					"@executable_path/Frameworks",
				);
				MARKETING_VERSION = 1.0;
				PRODUCT_BUNDLE_IDENTIFIER = mrunzap.Calculator;
				PRODUCT_NAME = "$(TARGET_NAME)";
				SWIFT_EMIT_LOC_STRINGS = YES;
				SWIFT_VERSION = 5.0;
				TARGETED_DEVICE_FAMILY = "1,2";
			};
			name = Debug;
		};
		EE4113CF28E504C500F68FCF /* Release */ = {
			isa = XCBuildConfiguration;
			buildSettings = {
				ASSETCATALOG_COMPILER_APPICON_NAME = AppIcon;
				ASSETCATALOG_COMPILER_GLOBAL_ACCENT_COLOR_NAME = AccentColor;
				CODE_SIGN_STYLE = Automatic;
				CURRENT_PROJECT_VERSION = 1;
				DEVELOPMENT_TEAM = Q4A6TH8JR3;
				GENERATE_INFOPLIST_FILE = YES;
				INFOPLIST_FILE = Calculator/Info.plist;
				INFOPLIST_KEY_UIApplicationSupportsIndirectInputEvents = YES;
				INFOPLIST_KEY_UILaunchStoryboardName = LaunchScreen;
				INFOPLIST_KEY_UIMainStoryboardFile = Main;
				INFOPLIST_KEY_UISupportedInterfaceOrientations_iPad = "UIInterfaceOrientationPortrait UIInterfaceOrientationPortraitUpsideDown UIInterfaceOrientationLandscapeLeft UIInterfaceOrientationLandscapeRight";
				INFOPLIST_KEY_UISupportedInterfaceOrientations_iPhone = "UIInterfaceOrientationPortrait UIInterfaceOrientationLandscapeLeft UIInterfaceOrientationLandscapeRight";
				LD_RUNPATH_SEARCH_PATHS = (
					"$(inherited)",
					"@executable_path/Frameworks",
				);
				MARKETING_VERSION = 1.0;
				PRODUCT_BUNDLE_IDENTIFIER = mrunzap.Calculator;
				PRODUCT_NAME = "$(TARGET_NAME)";
				SWIFT_EMIT_LOC_STRINGS = YES;
				SWIFT_VERSION = 5.0;
				TARGETED_DEVICE_FAMILY = "1,2";
			};
			name = Release;
		};
		EE4113D128E504C500F68FCF /* Debug */ = {
			isa = XCBuildConfiguration;
			buildSettings = {
				ALWAYS_EMBED_SWIFT_STANDARD_LIBRARIES = YES;
				BUNDLE_LOADER = "$(TEST_HOST)";
				CODE_SIGN_STYLE = Automatic;
				CURRENT_PROJECT_VERSION = 1;
				DEVELOPMENT_TEAM = Q4A6TH8JR3;
				GENERATE_INFOPLIST_FILE = YES;
				IPHONEOS_DEPLOYMENT_TARGET = 15.4;
				MARKETING_VERSION = 1.0;
				PRODUCT_BUNDLE_IDENTIFIER = mrunzap.CalculatorTests;
				PRODUCT_NAME = "$(TARGET_NAME)";
				SWIFT_EMIT_LOC_STRINGS = NO;
				SWIFT_VERSION = 5.0;
				TARGETED_DEVICE_FAMILY = "1,2";
				TEST_HOST = "$(BUILT_PRODUCTS_DIR)/Calculator.app/Calculator";
			};
			name = Debug;
		};
		EE4113D228E504C500F68FCF /* Release */ = {
			isa = XCBuildConfiguration;
			buildSettings = {
				ALWAYS_EMBED_SWIFT_STANDARD_LIBRARIES = YES;
				BUNDLE_LOADER = "$(TEST_HOST)";
				CODE_SIGN_STYLE = Automatic;
				CURRENT_PROJECT_VERSION = 1;
				DEVELOPMENT_TEAM = Q4A6TH8JR3;
				GENERATE_INFOPLIST_FILE = YES;
				IPHONEOS_DEPLOYMENT_TARGET = 15.4;
				MARKETING_VERSION = 1.0;
				PRODUCT_BUNDLE_IDENTIFIER = mrunzap.CalculatorTests;
				PRODUCT_NAME = "$(TARGET_NAME)";
				SWIFT_EMIT_LOC_STRINGS = NO;
				SWIFT_VERSION = 5.0;
				TARGETED_DEVICE_FAMILY = "1,2";
				TEST_HOST = "$(BUILT_PRODUCTS_DIR)/Calculator.app/Calculator";
			};
			name = Release;
		};
		EE4113D428E504C500F68FCF /* Debug */ = {
			isa = XCBuildConfiguration;
			buildSettings = {
				ALWAYS_EMBED_SWIFT_STANDARD_LIBRARIES = YES;
				CODE_SIGN_STYLE = Automatic;
				CURRENT_PROJECT_VERSION = 1;
				DEVELOPMENT_TEAM = Q4A6TH8JR3;
				GENERATE_INFOPLIST_FILE = YES;
				MARKETING_VERSION = 1.0;
				PRODUCT_BUNDLE_IDENTIFIER = mrunzap.CalculatorUITests;
				PRODUCT_NAME = "$(TARGET_NAME)";
				SWIFT_EMIT_LOC_STRINGS = NO;
				SWIFT_VERSION = 5.0;
				TARGETED_DEVICE_FAMILY = "1,2";
				TEST_TARGET_NAME = Calculator;
			};
			name = Debug;
		};
		EE4113D528E504C500F68FCF /* Release */ = {
			isa = XCBuildConfiguration;
			buildSettings = {
				ALWAYS_EMBED_SWIFT_STANDARD_LIBRARIES = YES;
				CODE_SIGN_STYLE = Automatic;
				CURRENT_PROJECT_VERSION = 1;
				DEVELOPMENT_TEAM = Q4A6TH8JR3;
				GENERATE_INFOPLIST_FILE = YES;
				MARKETING_VERSION = 1.0;
				PRODUCT_BUNDLE_IDENTIFIER = mrunzap.CalculatorUITests;
				PRODUCT_NAME = "$(TARGET_NAME)";
				SWIFT_EMIT_LOC_STRINGS = NO;
				SWIFT_VERSION = 5.0;
				TARGETED_DEVICE_FAMILY = "1,2";
				TEST_TARGET_NAME = Calculator;
			};
			name = Release;
		};
/* End XCBuildConfiguration section */

/* Begin XCConfigurationList section */
		EE41139E28E504C300F68FCF /* Build configuration list for PBXProject "Calculator" */ = {
			isa = XCConfigurationList;
			buildConfigurations = (
				EE4113CB28E504C500F68FCF /* Debug */,
				EE4113CC28E504C500F68FCF /* Release */,
			);
			defaultConfigurationIsVisible = 0;
			defaultConfigurationName = Release;
		};
		EE4113CD28E504C500F68FCF /* Build configuration list for PBXNativeTarget "Calculator" */ = {
			isa = XCConfigurationList;
			buildConfigurations = (
				EE4113CE28E504C500F68FCF /* Debug */,
				EE4113CF28E504C500F68FCF /* Release */,
			);
			defaultConfigurationIsVisible = 0;
			defaultConfigurationName = Release;
		};
		EE4113D028E504C500F68FCF /* Build configuration list for PBXNativeTarget "CalculatorTests" */ = {
			isa = XCConfigurationList;
			buildConfigurations = (
				EE4113D128E504C500F68FCF /* Debug */,
				EE4113D228E504C500F68FCF /* Release */,
			);
			defaultConfigurationIsVisible = 0;
			defaultConfigurationName = Release;
		};
		EE4113D328E504C500F68FCF /* Build configuration list for PBXNativeTarget "CalculatorUITests" */ = {
			isa = XCConfigurationList;
			buildConfigurations = (
				EE4113D428E504C500F68FCF /* Debug */,
				EE4113D528E504C500F68FCF /* Release */,
			);
			defaultConfigurationIsVisible = 0;
			defaultConfigurationName = Release;
		};
/* End XCConfigurationList section */
	};
	rootObject = EE41139B28E504C300F68FCF /* Project object */;
}
